{
  "version": 4,
  "terraform_version": "1.14.6",
  "serial": 67,
  "lineage": "44f85e74-5247-f859-d155-15d9834f103b",
  "outputs": {
    "api_endpoint": {
      "value": "https://n4xkhb3msbqjlex22yislsma6m0rcklw.lambda-url.us-east-1.on.aws/",
      "type": "string"
    },
    "lambda_function_name": {
      "value": "aws-cost-optimizer",
      "type": "string"
    },
    "manual_invoke_command": {
      "value": "curl -X POST https://n4xkhb3msbqjlex22yislsma6m0rcklw.lambda-url.us-east-1.on.aws/ --ssl-no-revoke",
      "type": "string"
    },
    "manual_lambda_command": {
      "value": "aws lambda invoke --function-name aws-cost-optimizer --region us-east-1 output.json \u0026\u0026 cat output.json",
      "type": "string"
    },
    "sns_topic_arn": {
      "value": "arn:aws:sns:us-east-1:440209552762:aws-cost-optimizer-alerts",
      "type": "string"
    }
  },
  "resources": [
    {
      "mode": "data",
      "type": "archive_file",
      "name": "lambda_zip",
      "provider": "provider[\"registry.terraform.io/hashicorp/archive\"]",
      "instances": [
        {
          "schema_version": 0,
          "attributes": {
            "exclude_symlink_directories": null,
            "excludes": null,
            "id": "96adbd8c96181a1b3f3a54f1c8530acdb9911b33",
            "output_base64sha256": "byNiTg2XzxP2YV+utHR9VaVEdAa8vaHh7LtnJ/vG0O4=",
            "output_base64sha512": "VkjIkKF/hxp8VAz1rfxswI3hbjuNjSTq1B8W7QV+TGV1AsjoGqN+JZciUzEjNiOgO8SsndC/uVwGN78LF/SUFw==",
            "output_file_mode": null,
            "output_md5": "019def9804689f9e43f82e31911397c4",
            "output_path": "./lambda_function.zip",
            "output_sha": "96adbd8c96181a1b3f3a54f1c8530acdb9911b33",
            "output_sha256": "6f23624e0d97cf13f6615faeb4747d55a5447406bcbda1e1ecbb6727fbc6d0ee",
            "output_sha512": "5648c890a17f871a7c540cf5adfc6cc08de16e3b8d8d24ead41f16ed057e4c657502c8e81aa37e2597225331233623a03bc4ac9dd0bfb95c0637bf0b17f49417",
            "output_size": 6178,
            "source": [],
            "source_content": null,
            "source_content_filename": null,
            "source_dir": "./../lambda",
            "source_file": null,
            "type": "zip"
          },
          "sensitive_attributes": [],
          "identity_schema_version": 0
        }
      ]
    },
    {
      "mode": "managed",
      "type": "aws_cloudwatch_event_rule",
      "name": "weekly",
      "provider": "provider[\"registry.terraform.io/hashicorp/aws\"]",
      "instances": [
        {
          "schema_version": 1,
          "attributes": {
            "arn": "arn:aws:events:us-east-1:440209552762:rule/aws-cost-optimizer-weekly-trigger",
            "description": "Trigger cost optimizer every Monday at 08:00 UTC",
            "event_bus_name": "default",
            "event_pattern": null,
            "force_destroy": false,
            "id": "aws-cost-optimizer-weekly-trigger",
            "is_enabled": true,
            "name": "aws-cost-optimizer-weekly-trigger",
            "name_prefix": "",
            "role_arn": "",
            "schedule_expression": "cron(0 8 ? * MON *)",
            "state": "ENABLED",
            "tags": {},
            "tags_all": {
              "Environment": "portfolio",
              "ManagedBy": "Terraform",
              "Project": "aws-cost-optimizer",
              "Version": "2.0"
            }
          },
          "sensitive_attributes": [],
          "identity_schema_version": 0,
          "private": "eyJzY2hlbWFfdmVyc2lvbiI6IjEifQ=="
        }
      ]
    },
    {
      "mode": "managed",
      "type": "aws_cloudwatch_event_target",
      "name": "invoke_lambda",
      "provider": "provider[\"registry.terraform.io/hashicorp/aws\"]",
      "instances": [
        {
          "schema_version": 1,
          "attributes": {
            "appsync_target": [],
            "arn": "arn:aws:lambda:us-east-1:440209552762:function:aws-cost-optimizer",
            "batch_target": [],
            "dead_letter_config": [],
            "ecs_target": [],
            "event_bus_name": "default",
            "force_destroy": false,
            "http_target": [],
            "id": "aws-cost-optimizer-weekly-trigger-CostOptimizerLambda",
            "input": "",
            "input_path": "",
            "input_transformer": [],
            "kinesis_target": [],
            "redshift_target": [],
            "retry_policy": [],
            "role_arn": "",
            "rule": "aws-cost-optimizer-weekly-trigger",
            "run_command_targets": [],
            "sagemaker_pipeline_target": [],
            "sqs_target": [],
            "target_id": "CostOptimizerLambda"
          },
          "sensitive_attributes": [],
          "identity_schema_version": 0,
          "private": "eyJzY2hlbWFfdmVyc2lvbiI6IjEifQ==",
          "dependencies": [
            "aws_cloudwatch_event_rule.weekly",
            "aws_iam_role.lambda_exec",
            "aws_lambda_function.cost_optimizer",
            "aws_sns_topic.cost_alerts",
            "data.archive_file.lambda_zip"
          ]
        }
      ]
    },
    {
      "mode": "managed",
      "type": "aws_cloudwatch_log_group",
      "name": "lambda_logs",
      "provider": "provider[\"registry.terraform.io/hashicorp/aws\"]",
      "instances": [
        {
          "schema_version": 0,
          "attributes": {
            "arn": "arn:aws:logs:us-east-1:440209552762:log-group:/aws/lambda/aws-cost-optimizer",
            "id": "/aws/lambda/aws-cost-optimizer",
            "kms_key_id": "",
            "log_group_class": "STANDARD",
            "name": "/aws/lambda/aws-cost-optimizer",
            "name_prefix": "",
            "retention_in_days": 14,
            "skip_destroy": false,
            "tags": {},
            "tags_all": {
              "Environment": "portfolio",
              "ManagedBy": "Terraform",
              "Project": "aws-cost-optimizer",
              "Version": "2.0"
            }
          },
          "sensitive_attributes": [],
          "identity_schema_version": 0,
          "private": "bnVsbA==",
          "dependencies": [
            "aws_iam_role.lambda_exec",
            "aws_lambda_function.cost_optimizer",
            "aws_sns_topic.cost_alerts",
            "data.archive_file.lambda_zip"
          ]
        }
      ]
    },
    {
      "mode": "managed",
      "type": "aws_iam_role",
      "name": "lambda_exec",
      "provider": "provider[\"registry.terraform.io/hashicorp/aws\"]",
      "instances": [
        {
          "schema_version": 0,
          "attributes": {
            "arn": "arn:aws:iam::440209552762:role/aws-cost-optimizer-lambda-role",
            "assume_role_policy": "{\"Statement\":[{\"Action\":\"sts:AssumeRole\",\"Effect\":\"Allow\",\"Principal\":{\"Service\":\"lambda.amazonaws.com\"}}],\"Version\":\"2012-10-17\"}",
            "create_date": "2026-03-14T18:09:52Z",
            "description": "",
            "force_detach_policies": false,
            "id": "aws-cost-optimizer-lambda-role",
            "inline_policy": [
              {
                "name": "aws-cost-optimizer-policy",
                "policy": "{\"Version\":\"2012-10-17\",\"Statement\":[{\"Action\":[\"ec2:DescribeInstances\",\"ec2:DescribeVolumes\",\"ec2:DescribeRegions\",\"ec2:DescribeReservedInstances\"],\"Effect\":\"Allow\",\"Resource\":\"*\",\"Sid\":\"EC2ReadOnly\"},{\"Action\":[\"s3:ListAllMyBuckets\",\"s3:GetBucketLifecycleConfiguration\"],\"Effect\":\"Allow\",\"Resource\":\"*\",\"Sid\":\"S3ReadOnly\"},{\"Action\":[\"cloudwatch:GetMetricStatistics\"],\"Effect\":\"Allow\",\"Resource\":\"*\",\"Sid\":\"CloudWatchMetricsReadOnly\"},{\"Action\":[\"sns:Publish\"],\"Effect\":\"Allow\",\"Resource\":\"arn:aws:sns:us-east-1:440209552762:aws-cost-optimizer-alerts\",\"Sid\":\"SNSPublishToOurTopicOnly\"},{\"Action\":[\"logs:CreateLogGroup\",\"logs:CreateLogStream\",\"logs:PutLogEvents\"],\"Effect\":\"Allow\",\"Resource\":\"arn:aws:logs:*:*:*\",\"Sid\":\"CloudWatchLogsWrite\"}]}"
              }
            ],
            "managed_policy_arns": [],
            "max_session_duration": 3600,
            "name": "aws-cost-optimizer-lambda-role",
            "name_prefix": "",
            "path": "/",
            "permissions_boundary": "",
            "tags": {},
            "tags_all": {
              "Environment": "portfolio",
              "ManagedBy": "Terraform",
              "Project": "aws-cost-optimizer",
              "Version": "2.0"
            },
            "unique_id": "AROAWM7UIWV5FYTYRPIOI"
          },
          "sensitive_attributes": [],
          "identity_schema_version": 0,
          "private": "bnVsbA=="
        }
      ]
    },
    {
      "mode": "managed",
      "type": "aws_iam_role_policy",
      "name": "lambda_permissions",
      "provider": "provider[\"registry.terraform.io/hashicorp/aws\"]",
      "instances": [
        {
          "schema_version": 0,
          "attributes": {
            "id": "aws-cost-optimizer-lambda-role:aws-cost-optimizer-policy",
            "name": "aws-cost-optimizer-policy",
            "name_prefix": "",
            "policy": "{\"Version\":\"2012-10-17\",\"Statement\":[{\"Action\":[\"ec2:DescribeInstances\",\"ec2:DescribeVolumes\",\"ec2:DescribeRegions\",\"ec2:DescribeReservedInstances\"],\"Effect\":\"Allow\",\"Resource\":\"*\",\"Sid\":\"EC2ReadOnly\"},{\"Action\":[\"s3:ListAllMyBuckets\",\"s3:GetBucketLifecycleConfiguration\"],\"Effect\":\"Allow\",\"Resource\":\"*\",\"Sid\":\"S3ReadOnly\"},{\"Action\":[\"cloudwatch:GetMetricStatistics\"],\"Effect\":\"Allow\",\"Resource\":\"*\",\"Sid\":\"CloudWatchMetricsReadOnly\"},{\"Action\":[\"sns:Publish\"],\"Effect\":\"Allow\",\"Resource\":\"arn:aws:sns:us-east-1:440209552762:aws-cost-optimizer-alerts\",\"Sid\":\"SNSPublishToOurTopicOnly\"},{\"Action\":[\"logs:CreateLogGroup\",\"logs:CreateLogStream\",\"logs:PutLogEvents\"],\"Effect\":\"Allow\",\"Resource\":\"arn:aws:logs:*:*:*\",\"Sid\":\"CloudWatchLogsWrite\"}]}",
            "role": "aws-cost-optimizer-lambda-role"
          },
          "sensitive_attributes": [],
          "identity_schema_version": 0,
          "private": "bnVsbA==",
          "dependencies": [
            "aws_iam_role.lambda_exec",
            "aws_sns_topic.cost_alerts"
          ]
        }
      ]
    },
    {
      "mode": "managed",
      "type": "aws_lambda_function",
      "name": "cost_optimizer",
      "provider": "provider[\"registry.terraform.io/hashicorp/aws\"]",
      "instances": [
        {
          "schema_version": 0,
          "attributes": {
            "architectures": [
              "x86_64"
            ],
            "arn": "arn:aws:lambda:us-east-1:440209552762:function:aws-cost-optimizer",
            "code_sha256": "byNiTg2XzxP2YV+utHR9VaVEdAa8vaHh7LtnJ/vG0O4=",
            "code_signing_config_arn": "",
            "dead_letter_config": [],
            "description": "",
            "environment": [
              {
                "variables": {
                  "SLACK_WEBHOOK_URL": "",
                  "SNS_TOPIC_ARN": "arn:aws:sns:us-east-1:440209552762:aws-cost-optimizer-alerts"
                }
              }
            ],
            "ephemeral_storage": [
              {
                "size": 512
              }
            ],
            "file_system_config": [],
            "filename": "./lambda_function.zip",
            "function_name": "aws-cost-optimizer",
            "handler": "lambda_function.lambda_handler",
            "id": "aws-cost-optimizer",
            "image_config": [],
            "image_uri": "",
            "invoke_arn": "arn:aws:apigateway:us-east-1:lambda:path/2015-03-31/functions/arn:aws:lambda:us-east-1:440209552762:function:aws-cost-optimizer/invocations",
            "kms_key_arn": "",
            "last_modified": "2026-03-15T12:27:42.000+0000",
            "layers": [],
            "logging_config": [
              {
                "application_log_level": "",
                "log_format": "Text",
                "log_group": "/aws/lambda/aws-cost-optimizer",
                "system_log_level": ""
              }
            ],
            "memory_size": 256,
            "package_type": "Zip",
            "publish": false,
            "qualified_arn": "arn:aws:lambda:us-east-1:440209552762:function:aws-cost-optimizer:$LATEST",
            "qualified_invoke_arn": "arn:aws:apigateway:us-east-1:lambda:path/2015-03-31/functions/arn:aws:lambda:us-east-1:440209552762:function:aws-cost-optimizer:$LATEST/invocations",
            "replace_security_groups_on_destroy": null,
            "replacement_security_group_ids": null,
            "reserved_concurrent_executions": -1,
            "role": "arn:aws:iam::440209552762:role/aws-cost-optimizer-lambda-role",
            "runtime": "python3.12",
            "s3_bucket": null,
            "s3_key": null,
            "s3_object_version": null,
            "signing_job_arn": "",
            "signing_profile_version_arn": "",
            "skip_destroy": false,
            "snap_start": [],
            "source_code_hash": "byNiTg2XzxP2YV+utHR9VaVEdAa8vaHh7LtnJ/vG0O4=",
            "source_code_size": 6178,
            "tags": {},
            "tags_all": {
              "Environment": "portfolio",
              "ManagedBy": "Terraform",
              "Project": "aws-cost-optimizer",
              "Version": "2.0"
            },
            "timeout": 600,
            "timeouts": null,
            "tracing_config": [
              {
                "mode": "PassThrough"
              }
            ],
            "version": "$LATEST",
            "vpc_config": []
          },
          "sensitive_attributes": [],
          "identity_schema_version": 0,
          "private": "eyJlMmJmYjczMC1lY2FhLTExZTYtOGY4OC0zNDM2M2JjN2M0YzAiOnsiY3JlYXRlIjo2MDAwMDAwMDAwMDAsImRlbGV0ZSI6NjAwMDAwMDAwMDAwLCJ1cGRhdGUiOjYwMDAwMDAwMDAwMH19",
          "dependencies": [
            "aws_iam_role.lambda_exec",
            "aws_sns_topic.cost_alerts",
            "data.archive_file.lambda_zip"
          ]
        }
      ]
    },
    {
      "mode": "managed",
      "type": "aws_lambda_function_url",
      "name": "scan_url",
      "provider": "provider[\"registry.terraform.io/hashicorp/aws\"]",
      "instances": [
        {
          "schema_version": 0,
          "attributes": {
            "authorization_type": "NONE",
            "cors": [
              {
                "allow_credentials": false,
                "allow_headers": [
                  "Content-Type"
                ],
                "allow_methods": [
                  "*"
                ],
                "allow_origins": [
                  "*"
                ],
                "expose_headers": [],
                "max_age": 300
              }
            ],
            "function_arn": "arn:aws:lambda:us-east-1:440209552762:function:aws-cost-optimizer",
            "function_name": "aws-cost-optimizer",
            "function_url": "https://n4xkhb3msbqjlex22yislsma6m0rcklw.lambda-url.us-east-1.on.aws/",
            "id": "aws-cost-optimizer",
            "invoke_mode": "BUFFERED",
            "qualifier": "",
            "timeouts": null,
            "url_id": "n4xkhb3msbqjlex22yislsma6m0rcklw"
          },
          "sensitive_attributes": [],
          "identity_schema_version": 0,
          "private": "eyJlMmJmYjczMC1lY2FhLTExZTYtOGY4OC0zNDM2M2JjN2M0YzAiOnsiY3JlYXRlIjo2MDAwMDAwMDAwMDB9fQ==",
          "dependencies": [
            "aws_iam_role.lambda_exec",
            "aws_lambda_function.cost_optimizer",
            "aws_sns_topic.cost_alerts",
            "data.archive_file.lambda_zip"
          ]
        }
      ]
    },
    {
      "mode": "managed",
      "type": "aws_lambda_permission",
      "name": "allow_eventbridge",
      "provider": "provider[\"registry.terraform.io/hashicorp/aws\"]",
      "instances": [
        {
          "schema_version": 0,
          "attributes": {
            "action": "lambda:InvokeFunction",
            "event_source_token": null,
            "function_name": "aws-cost-optimizer",
            "function_url_auth_type": null,
            "id": "AllowEventBridgeInvoke",
            "principal": "events.amazonaws.com",
            "principal_org_id": null,
            "qualifier": "",
            "source_account": null,
            "source_arn": "arn:aws:events:us-east-1:440209552762:rule/aws-cost-optimizer-weekly-trigger",
            "statement_id": "AllowEventBridgeInvoke",
            "statement_id_prefix": ""
          },
          "sensitive_attributes": [],
          "identity_schema_version": 0,
          "private": "bnVsbA==",
          "dependencies": [
            "aws_cloudwatch_event_rule.weekly",
            "aws_iam_role.lambda_exec",
            "aws_lambda_function.cost_optimizer",
            "aws_sns_topic.cost_alerts",
            "data.archive_file.lambda_zip"
          ]
        }
      ]
    },
    {
      "mode": "managed",
      "type": "aws_lambda_permission",
      "name": "allow_public_url",
      "provider": "provider[\"registry.terraform.io/hashicorp/aws\"]",
      "instances": [
        {
          "schema_version": 0,
          "attributes": {
            "action": "lambda:InvokeFunctionUrl",
            "event_source_token": "",
            "function_name": "aws-cost-optimizer",
            "function_url_auth_type": "NONE",
            "id": "AllowPublicFunctionURL",
            "principal": "*",
            "principal_org_id": "",
            "qualifier": "",
            "source_account": "",
            "source_arn": null,
            "statement_id": "AllowPublicFunctionURL",
            "statement_id_prefix": ""
          },
          "sensitive_attributes": [],
          "identity_schema_version": 0,
          "private": "bnVsbA==",
          "dependencies": [
            "aws_iam_role.lambda_exec",
            "aws_lambda_function.cost_optimizer",
            "aws_sns_topic.cost_alerts",
            "data.archive_file.lambda_zip"
          ]
        }
      ]
    },
    {
      "mode": "managed",
      "type": "aws_sns_topic",
      "name": "cost_alerts",
      "provider": "provider[\"registry.terraform.io/hashicorp/aws\"]",
      "instances": [
        {
          "schema_version": 0,
          "attributes": {
            "application_failure_feedback_role_arn": "",
            "application_success_feedback_role_arn": "",
            "application_success_feedback_sample_rate": 0,
            "archive_policy": "",
            "arn": "arn:aws:sns:us-east-1:440209552762:aws-cost-optimizer-alerts",
            "beginning_archive_time": "",
            "content_based_deduplication": false,
            "delivery_policy": "",
            "display_name": "",
            "fifo_throughput_scope": "",
            "fifo_topic": false,
            "firehose_failure_feedback_role_arn": "",
            "firehose_success_feedback_role_arn": "",
            "firehose_success_feedback_sample_rate": 0,
            "http_failure_feedback_role_arn": "",
            "http_success_feedback_role_arn": "",
            "http_success_feedback_sample_rate": 0,
            "id": "arn:aws:sns:us-east-1:440209552762:aws-cost-optimizer-alerts",
            "kms_master_key_id": "",
            "lambda_failure_feedback_role_arn": "",
            "lambda_success_feedback_role_arn": "",
            "lambda_success_feedback_sample_rate": 0,
            "name": "aws-cost-optimizer-alerts",
            "name_prefix": "",
            "owner": "440209552762",
            "policy": "{\"Id\":\"__default_policy_ID\",\"Statement\":[{\"Action\":[\"SNS:GetTopicAttributes\",\"SNS:SetTopicAttributes\",\"SNS:AddPermission\",\"SNS:RemovePermission\",\"SNS:DeleteTopic\",\"SNS:Subscribe\",\"SNS:ListSubscriptionsByTopic\",\"SNS:Publish\"],\"Condition\":{\"StringEquals\":{\"AWS:SourceOwner\":\"440209552762\"}},\"Effect\":\"Allow\",\"Principal\":{\"AWS\":\"*\"},\"Resource\":\"arn:aws:sns:us-east-1:440209552762:aws-cost-optimizer-alerts\",\"Sid\":\"__default_statement_ID\"}],\"Version\":\"2008-10-17\"}",
            "signature_version": 0,
            "sqs_failure_feedback_role_arn": "",
            "sqs_success_feedback_role_arn": "",
            "sqs_success_feedback_sample_rate": 0,
            "tags": {},
            "tags_all": {
              "Environment": "portfolio",
              "ManagedBy": "Terraform",
              "Project": "aws-cost-optimizer",
              "Version": "2.0"
            },
            "tracing_config": ""
          },
          "sensitive_attributes": [],
          "identity_schema_version": 0,
          "private": "bnVsbA=="
        }
      ]
    },
    {
      "mode": "managed",
      "type": "aws_sns_topic_subscription",
      "name": "email",
      "provider": "provider[\"registry.terraform.io/hashicorp/aws\"]",
      "instances": [
        {
          "schema_version": 0,
          "attributes": {
            "arn": "arn:aws:sns:us-east-1:440209552762:aws-cost-optimizer-alerts:a5139cbe-150e-448c-ab8f-07aea78a8804",
            "confirmation_timeout_in_minutes": 1,
            "confirmation_was_authenticated": false,
            "delivery_policy": "",
            "endpoint": "anyasichineme.p@gmail.com",
            "endpoint_auto_confirms": false,
            "filter_policy": "",
            "filter_policy_scope": "",
            "id": "arn:aws:sns:us-east-1:440209552762:aws-cost-optimizer-alerts:a5139cbe-150e-448c-ab8f-07aea78a8804",
            "owner_id": "440209552762",
            "pending_confirmation": false,
            "protocol": "email",
            "raw_message_delivery": false,
            "redrive_policy": "",
            "replay_policy": "",
            "subscription_role_arn": "",
            "topic_arn": "arn:aws:sns:us-east-1:440209552762:aws-cost-optimizer-alerts"
          },
          "sensitive_attributes": [],
          "identity_schema_version": 0,
          "private": "bnVsbA==",
          "dependencies": [
            "aws_sns_topic.cost_alerts"
          ]
        }
      ]
    }
  ],
  "check_results": [
    {
      "object_kind": "var",
      "config_addr": "var.alert_email",
      "status": "pass",
      "objects": [
        {
          "object_addr": "var.alert_email",
          "status": "pass"
        }
      ]
    }
  ]
}
